
Microsoft Visual Studio Solution File, Format Version 12.00
# Visual Studio Version 17
VisualStudioVersion = 17.5.33424.131
MinimumVisualStudioVersion = 10.0.40219.1
Project("{FAE04EC0-301F-11D3-BF4B-00C04F79EFBC}") = "Conservatoire", "Conservatoire\Conservatoire.csproj", "{C1EA7C23-D30B-40BB-88F5-6946CCB32108}"
EndProject
Global
	GlobalSection(SolutionConfigurationPlatforms) = preSolution
		Debug|Any CPU = Debug|Any CPU
		Release|Any CPU = Release|Any CPU
	EndGlobalSection
	GlobalSection(ProjectConfigurationPlatforms) = postSolution
		{C1EA7C23-D30B-40BB-88F5-6946CCB32108}.Debug|Any CPU.ActiveCfg = Debug|Any CPU
		{C1EA7C23-D30B-40BB-88F5-6946CCB32108}.Debug|Any CPU.Build.0 = Debug|Any CPU
		{C1EA7C23-D30B-40BB-88F5-6946CCB32108}.Release|Any CPU.ActiveCfg = Release|Any CPU
		{C1EA7C23-D30B-40BB-88F5-6946CCB32108}.Release|Any CPU.Build.0 = Release|Any CPU
	EndGlobalSection
	GlobalSection(SolutionProperties) = preSolution
		HideSolutionNode = FALSE
	EndGlobalSection
	GlobalSection(ExtensibilityGlobals) = postSolution
		SolutionGuid = {62BA7374-BACD-497A-BA8C-CC6635D0EF47}
	EndGlobalSection
EndGlobal
